{
  "nodes": {
    "nixpkgs": {
      "locked": {
        "lastModified": 1620071364,
        "narHash": "sha256-DPVF96zHtCSNrcFFHHFB+RagDT4WErKJg8YJITRKKKE=",
        "owner": "NixOS",
        "repo": "nixpkgs",
        "rev": "3ec6977d306b330e17743a6a49383ffac3c806fd",
        "type": "github"
      },
      "original": {
        "id": "nixpkgs",
        "type": "indirect"
      }
    },
    "root": {
      "inputs": {
        "nixpkgs": "nixpkgs"
      }
    }
  },
  "root": "root",
  "version": 7
}
