{
  "nodes": {
    "nixpkgs": {
      "locked": {
        "lastModified": 1620066183,
        "narHash": "sha256-1qo/m8mdp5EtlEVg672o2fuyI00x07DQpuKsKVtf4fc=",
        "owner": "NixOS",
        "repo": "nixpkgs",
        "rev": "62f241d4457381b1a0cdd0903501ad5f90e888c1",
        "type": "github"
      },
      "original": {
        "id": "nixpkgs",
        "type": "indirect"
      }
    },
    "root": {
      "inputs": {
        "nixpkgs": "nixpkgs"
      }
    }
  },
  "root": "root",
  "version": 7
}
